// !$*UTF8*$!
{
	archiveVersion = 1;
	classes = {
	};
	objectVersion = 48;
	objects = {

/* Begin PBXBuildFile section */
		1AB2889B2243CF2E0015804F /* AppDelegate.swift in Sources */ = {isa = PBXBuildFile; fileRef = 1AB2889A2243CF2E0015804F /* AppDelegate.swift */; };
		1AB2889D2243CF2E0015804F /* UserVC.swift in Sources */ = {isa = PBXBuildFile; fileRef = 1AB2889C2243CF2E0015804F /* UserVC.swift */; };
		1AB288A02243CF2E0015804F /* Main.storyboard in Resources */ = {isa = PBXBuildFile; fileRef = 1AB2889E2243CF2E0015804F /* Main.storyboard */; };
		1AB288A22243CF2E0015804F /* Assets.xcassets in Resources */ = {isa = PBXBuildFile; fileRef = 1AB288A12243CF2E0015804F /* Assets.xcassets */; };
		1AB288A52243CF2E0015804F /* LaunchScreen.storyboard in Resources */ = {isa = PBXBuildFile; fileRef = 1AB288A32243CF2E0015804F /* LaunchScreen.storyboard */; };
		1AB288B02243CF2E0015804F /* JoseLuisGarcia190319TVDTests.swift in Sources */ = {isa = PBXBuildFile; fileRef = 1AB288AF2243CF2E0015804F /* JoseLuisGarcia190319TVDTests.swift */; };
		1AB288BB2243CF2E0015804F /* JoseLuisGarcia190319TVDUITests.swift in Sources */ = {isa = PBXBuildFile; fileRef = 1AB288BA2243CF2E0015804F /* JoseLuisGarcia190319TVDUITests.swift */; };
		1AB288D02243D0690015804F /* UsersTVCTableViewController.swift in Sources */ = {isa = PBXBuildFile; fileRef = 1AB288CF2243D0690015804F /* UsersTVCTableViewController.swift */; };
		1AB288D22243D1E40015804F /* UserTVCellTableViewCell.swift in Sources */ = {isa = PBXBuildFile; fileRef = 1AB288D12243D1E40015804F /* UserTVCellTableViewCell.swift */; };
		1AB288D42243DE150015804F /* User.swift in Sources */ = {isa = PBXBuildFile; fileRef = 1AB288D32243DE150015804F /* User.swift */; };
/* End PBXBuildFile section */

/* Begin PBXContainerItemProxy section */
		1AB288AC2243CF2E0015804F /* PBXContainerItemProxy */ = {
			isa = PBXContainerItemProxy;
			containerPortal = 1AB2888F2243CF2E0015804F /* Project object */;
			proxyType = 1;
			remoteGlobalIDString = 1AB288962243CF2E0015804F;
			remoteInfo = JoseLuisGarcia190319TVD;
		};
		1AB288B72243CF2E0015804F /* PBXContainerItemProxy */ = {
			isa = PBXContainerItemProxy;
			containerPortal = 1AB2888F2243CF2E0015804F /* Project object */;
			proxyType = 1;
			remoteGlobalIDString = 1AB288962243CF2E0015804F;
			remoteInfo = JoseLuisGarcia190319TVD;
		};
/* End PBXContainerItemProxy section */

/* Begin PBXFileReference section */
		1AB288972243CF2E0015804F /* JoseLuisGarcia190319TVD.app */ = {isa = PBXFileReference; explicitFileType = wrapper.application; includeInIndex = 0; path = JoseLuisGarcia190319TVD.app; sourceTree = BUILT_PRODUCTS_DIR; };
		1AB2889A2243CF2E0015804F /* AppDelegate.swift */ = {isa = PBXFileReference; lastKnownFileType = sourcecode.swift; path = AppDelegate.swift; sourceTree = "<group>"; };
		1AB2889C2243CF2E0015804F /* UserVC.swift */ = {isa = PBXFileReference; lastKnownFileType = sourcecode.swift; path = UserVC.swift; sourceTree = "<group>"; };
		1AB2889F2243CF2E0015804F /* Base */ = {isa = PBXFileReference; lastKnownFileType = file.storyboard; name = Base; path = Base.lproj/Main.storyboard; sourceTree = "<group>"; };
		1AB288A12243CF2E0015804F /* Assets.xcassets */ = {isa = PBXFileReference; lastKnownFileType = folder.assetcatalog; path = Assets.xcassets; sourceTree = "<group>"; };
		1AB288A42243CF2E0015804F /* Base */ = {isa = PBXFileReference; lastKnownFileType = file.storyboard; name = Base; path = Base.lproj/LaunchScreen.storyboard; sourceTree = "<group>"; };
		1AB288A62243CF2E0015804F /* Info.plist */ = {isa = PBXFileReference; lastKnownFileType = text.plist.xml; path = Info.plist; sourceTree = "<group>"; };
		1AB288AB2243CF2E0015804F /* JoseLuisGarcia190319TVDTests.xctest */ = {isa = PBXFileReference; explicitFileType = wrapper.cfbundle; includeInIndex = 0; path = JoseLuisGarcia190319TVDTests.xctest; sourceTree = BUILT_PRODUCTS_DIR; };
		1AB288AF2243CF2E0015804F /* JoseLuisGarcia190319TVDTests.swift */ = {isa = PBXFileReference; lastKnownFileType = sourcecode.swift; path = JoseLuisGarcia190319TVDTests.swift; sourceTree = "<group>"; };
		1AB288B12243CF2E0015804F /* Info.plist */ = {isa = PBXFileReference; lastKnownFileType = text.plist.xml; path = Info.plist; sourceTree = "<group>"; };
		1AB288B62243CF2E0015804F /* JoseLuisGarcia190319TVDUITests.xctest */ = {isa = PBXFileReference; explicitFileType = wrapper.cfbundle; includeInIndex = 0; path = JoseLuisGarcia190319TVDUITests.xctest; sourceTree = BUILT_PRODUCTS_DIR; };
		1AB288BA2243CF2E0015804F /* JoseLuisGarcia190319TVDUITests.swift */ = {isa = PBXFileReference; lastKnownFileType = sourcecode.swift; path = JoseLuisGarcia190319TVDUITests.swift; sourceTree = "<group>"; };
		1AB288BC2243CF2E0015804F /* Info.plist */ = {isa = PBXFileReference; lastKnownFileType = text.plist.xml; path = Info.plist; sourceTree = "<group>"; };
		1AB288CF2243D0690015804F /* UsersTVCTableViewController.swift */ = {isa = PBXFileReference; lastKnownFileType = sourcecode.swift; path = UsersTVCTableViewController.swift; sourceTree = "<group>"; };
		1AB288D12243D1E40015804F /* UserTVCellTableViewCell.swift */ = {isa = PBXFileReference; lastKnownFileType = sourcecode.swift; path = UserTVCellTableViewCell.swift; sourceTree = "<group>"; };
		1AB288D32243DE150015804F /* User.swift */ = {isa = PBXFileReference; lastKnownFileType = sourcecode.swift; path = User.swift; sourceTree = "<group>"; };
/* End PBXFileReference section */

/* Begin PBXFrameworksBuildPhase section */
		1AB288942243CF2E0015804F /* Frameworks */ = {
			isa = PBXFrameworksBuildPhase;
			buildActionMask = 2147483647;
			files = (
			);
			runOnlyForDeploymentPostprocessing = 0;
		};
		1AB288A82243CF2E0015804F /* Frameworks */ = {
			isa = PBXFrameworksBuildPhase;
			buildActionMask = 2147483647;
			files = (
			);
			runOnlyForDeploymentPostprocessing = 0;
		};
		1AB288B32243CF2E0015804F /* Frameworks */ = {
			isa = PBXFrameworksBuildPhase;
			buildActionMask = 2147483647;
			files = (
			);
			runOnlyForDeploymentPostprocessing = 0;
		};
/* End PBXFrameworksBuildPhase section */

/* Begin PBXGroup section */
		1AB2888E2243CF2E0015804F = {
			isa = PBXGroup;
			children = (
				1AB288992243CF2E0015804F /* JoseLuisGarcia190319TVD */,
				1AB288AE2243CF2E0015804F /* JoseLuisGarcia190319TVDTests */,
				1AB288B92243CF2E0015804F /* JoseLuisGarcia190319TVDUITests */,
				1AB288982243CF2E0015804F /* Products */,
			);
			sourceTree = "<group>";
		};
		1AB288982243CF2E0015804F /* Products */ = {
			isa = PBXGroup;
			children = (
				1AB288972243CF2E0015804F /* JoseLuisGarcia190319TVD.app */,
				1AB288AB2243CF2E0015804F /* JoseLuisGarcia190319TVDTests.xctest */,
				1AB288B62243CF2E0015804F /* JoseLuisGarcia190319TVDUITests.xctest */,
			);
			name = Products;
			sourceTree = "<group>";
		};
		1AB288992243CF2E0015804F /* JoseLuisGarcia190319TVD */ = {
			isa = PBXGroup;
			children = (
				1AB288C82243CF890015804F /* MVC */,
				1AB2889A2243CF2E0015804F /* AppDelegate.swift */,
				1AB2889E2243CF2E0015804F /* Main.storyboard */,
				1AB288A12243CF2E0015804F /* Assets.xcassets */,
				1AB288A32243CF2E0015804F /* LaunchScreen.storyboard */,
				1AB288A62243CF2E0015804F /* Info.plist */,
			);
			path = JoseLuisGarcia190319TVD;
			sourceTree = "<group>";
		};
		1AB288AE2243CF2E0015804F /* JoseLuisGarcia190319TVDTests */ = {
			isa = PBXGroup;
			children = (
				1AB288AF2243CF2E0015804F /* JoseLuisGarcia190319TVDTests.swift */,
				1AB288B12243CF2E0015804F /* Info.plist */,
			);
			path = JoseLuisGarcia190319TVDTests;
			sourceTree = "<group>";
		};
		1AB288B92243CF2E0015804F /* JoseLuisGarcia190319TVDUITests */ = {
			isa = PBXGroup;
			children = (
				1AB288BA2243CF2E0015804F /* JoseLuisGarcia190319TVDUITests.swift */,
				1AB288BC2243CF2E0015804F /* Info.plist */,
			);
			path = JoseLuisGarcia190319TVDUITests;
			sourceTree = "<group>";
		};
		1AB288C82243CF890015804F /* MVC */ = {
			isa = PBXGroup;
			children = (
				1AB288CB2243CFB60015804F /* Models */,
				1AB288CE2243CFF10015804F /* Views */,
				1AB288CD2243CFD00015804F /* Controllers */,
			);
			path = MVC;
			sourceTree = "<group>";
		};
		1AB288CB2243CFB60015804F /* Models */ = {
			isa = PBXGroup;
			children = (
				1AB288D32243DE150015804F /* User.swift */,
			);
			path = Models;
			sourceTree = "<group>";
		};
		1AB288CD2243CFD00015804F /* Controllers */ = {
			isa = PBXGroup;
			children = (
				1AB2889C2243CF2E0015804F /* UserVC.swift */,
				1AB288CF2243D0690015804F /* UsersTVCTableViewController.swift */,
			);
			path = Controllers;
			sourceTree = "<group>";
		};
		1AB288CE2243CFF10015804F /* Views */ = {
			isa = PBXGroup;
			children = (
				1AB288D12243D1E40015804F /* UserTVCellTableViewCell.swift */,
			);
			path = Views;
			sourceTree = "<group>";
		};
/* End PBXGroup section */

/* Begin PBXNativeTarget section */
		1AB288962243CF2E0015804F /* JoseLuisGarcia190319TVD */ = {
			isa = PBXNativeTarget;
			buildConfigurationList = 1AB288BF2243CF2E0015804F /* Build configuration list for PBXNativeTarget "JoseLuisGarcia190319TVD" */;
			buildPhases = (
				1AB288932243CF2E0015804F /* Sources */,
				1AB288942243CF2E0015804F /* Frameworks */,
				1AB288952243CF2E0015804F /* Resources */,
			);
			buildRules = (
			);
			dependencies = (
			);
			name = JoseLuisGarcia190319TVD;
			productName = JoseLuisGarcia190319TVD;
			productReference = 1AB288972243CF2E0015804F /* JoseLuisGarcia190319TVD.app */;
			productType = "com.apple.product-type.application";
		};
		1AB288AA2243CF2E0015804F /* JoseLuisGarcia190319TVDTests */ = {
			isa = PBXNativeTarget;
			buildConfigurationList = 1AB288C22243CF2E0015804F /* Build configuration list for PBXNativeTarget "JoseLuisGarcia190319TVDTests" */;
			buildPhases = (
				1AB288A72243CF2E0015804F /* Sources */,
				1AB288A82243CF2E0015804F /* Frameworks */,
				1AB288A92243CF2E0015804F /* Resources */,
			);
			buildRules = (
			);
			dependencies = (
				1AB288AD2243CF2E0015804F /* PBXTargetDependency */,
			);
			name = JoseLuisGarcia190319TVDTests;
			productName = JoseLuisGarcia190319TVDTests;
			productReference = 1AB288AB2243CF2E0015804F /* JoseLuisGarcia190319TVDTests.xctest */;
			productType = "com.apple.product-type.bundle.unit-test";
		};
		1AB288B52243CF2E0015804F /* JoseLuisGarcia190319TVDUITests */ = {
			isa = PBXNativeTarget;
			buildConfigurationList = 1AB288C52243CF2E0015804F /* Build configuration list for PBXNativeTarget "JoseLuisGarcia190319TVDUITests" */;
			buildPhases = (
				1AB288B22243CF2E0015804F /* Sources */,
				1AB288B32243CF2E0015804F /* Frameworks */,
				1AB288B42243CF2E0015804F /* Resources */,
			);
			buildRules = (
			);
			dependencies = (
				1AB288B82243CF2E0015804F /* PBXTargetDependency */,
			);
			name = JoseLuisGarcia190319TVDUITests;
			productName = JoseLuisGarcia190319TVDUITests;
			productReference = 1AB288B62243CF2E0015804F /* JoseLuisGarcia190319TVDUITests.xctest */;
			productType = "com.apple.product-type.bundle.ui-testing";
		};
/* End PBXNativeTarget section */

/* Begin PBXProject section */
		1AB2888F2243CF2E0015804F /* Project object */ = {
			isa = PBXProject;
			attributes = {
				LastSwiftUpdateCheck = 0920;
				LastUpgradeCheck = 0920;
				ORGANIZATIONNAME = "Universidad Politecnica de gómez Palacio";
				TargetAttributes = {
					1AB288962243CF2E0015804F = {
						CreatedOnToolsVersion = 9.2;
						ProvisioningStyle = Automatic;
					};
					1AB288AA2243CF2E0015804F = {
						CreatedOnToolsVersion = 9.2;
						ProvisioningStyle = Automatic;
						TestTargetID = 1AB288962243CF2E0015804F;
					};
					1AB288B52243CF2E0015804F = {
						CreatedOnToolsVersion = 9.2;
						ProvisioningStyle = Automatic;
						TestTargetID = 1AB288962243CF2E0015804F;
					};
				};
			};
			buildConfigurationList = 1AB288922243CF2E0015804F /* Build configuration list for PBXProject "JoseLuisGarcia190319TVD" */;
			compatibilityVersion = "Xcode 8.0";
			developmentRegion = en;
			hasScannedForEncodings = 0;
			knownRegions = (
				en,
				Base,
			);
			mainGroup = 1AB2888E2243CF2E0015804F;
			productRefGroup = 1AB288982243CF2E0015804F /* Products */;
			projectDirPath = "";
			projectRoot = "";
			targets = (
				1AB288962243CF2E0015804F /* JoseLuisGarcia190319TVD */,
				1AB288AA2243CF2E0015804F /* JoseLuisGarcia190319TVDTests */,
				1AB288B52243CF2E0015804F /* JoseLuisGarcia190319TVDUITests */,
			);
		};
/* End PBXProject section */

/* Begin PBXResourcesBuildPhase section */
		1AB288952243CF2E0015804F /* Resources */ = {
			isa = PBXResourcesBuildPhase;
			buildActionMask = 2147483647;
			files = (
				1AB288A52243CF2E0015804F /* LaunchScreen.storyboard in Resources */,
				1AB288A22243CF2E0015804F /* Assets.xcassets in Resources */,
				1AB288A02243CF2E0015804F /* Main.storyboard in Resources */,
			);
			runOnlyForDeploymentPostprocessing = 0;
		};
		1AB288A92243CF2E0015804F /* Resources */ = {
			isa = PBXResourcesBuildPhase;
			buildActionMask = 2147483647;
			files = (
			);
			runOnlyForDeploymentPostprocessing = 0;
		};
		1AB288B42243CF2E0015804F /* Resources */ = {
			isa = PBXResourcesBuildPhase;
			buildActionMask = 2147483647;
			files = (
			);
			runOnlyForDeploymentPostprocessing = 0;
		};
/* End PBXResourcesBuildPhase section */

/* Begin PBXSourcesBuildPhase section */
		1AB288932243CF2E0015804F /* Sources */ = {
			isa = PBXSourcesBuildPhase;
			buildActionMask = 2147483647;
			files = (
				1AB288D22243D1E40015804F /* UserTVCellTableViewCell.swift in Sources */,
				1AB2889D2243CF2E0015804F /* UserVC.swift in Sources */,
				1AB2889B2243CF2E0015804F /* AppDelegate.swift in Sources */,
				1AB288D42243DE150015804F /* User.swift in Sources */,
				1AB288D02243D0690015804F /* UsersTVCTableViewController.swift in Sources */,
			);
			runOnlyForDeploymentPostprocessing = 0;
		};
		1AB288A72243CF2E0015804F /* Sources */ = {
			isa = PBXSourcesBuildPhase;
			buildActionMask = 2147483647;
			files = (
				1AB288B02243CF2E0015804F /* JoseLuisGarcia190319TVDTests.swift in Sources */,
			);
			runOnlyForDeploymentPostprocessing = 0;
		};
		1AB288B22243CF2E0015804F /* Sources */ = {
			isa = PBXSourcesBuildPhase;
			buildActionMask = 2147483647;
			files = (
				1AB288BB2243CF2E0015804F /* JoseLuisGarcia190319TVDUITests.swift in Sources */,
			);
			runOnlyForDeploymentPostprocessing = 0;
		};
/* End PBXSourcesBuildPhase section */

/* Begin PBXTargetDependency section */
		1AB288AD2243CF2E0015804F /* PBXTargetDependency */ = {
			isa = PBXTargetDependency;
			target = 1AB288962243CF2E0015804F /* JoseLuisGarcia190319TVD */;
			targetProxy = 1AB288AC2243CF2E0015804F /* PBXContainerItemProxy */;
		};
		1AB288B82243CF2E0015804F /* PBXTargetDependency */ = {
			isa = PBXTargetDependency;
			target = 1AB288962243CF2E0015804F /* JoseLuisGarcia190319TVD */;
			targetProxy = 1AB288B72243CF2E0015804F /* PBXContainerItemProxy */;
		};
/* End PBXTargetDependency section */

/* Begin PBXVariantGroup section */
		1AB2889E2243CF2E0015804F /* Main.storyboard */ = {
			isa = PBXVariantGroup;
			children = (
				1AB2889F2243CF2E0015804F /* Base */,
			);
			name = Main.storyboard;
			sourceTree = "<group>";
		};
		1AB288A32243CF2E0015804F /* LaunchScreen.storyboard */ = {
			isa = PBXVariantGroup;
			children = (
				1AB288A42243CF2E0015804F /* Base */,
			);
			name = LaunchScreen.storyboard;
			sourceTree = "<group>";
		};
/* End PBXVariantGroup section */

/* Begin XCBuildConfiguration section */
		1AB288BD2243CF2E0015804F /* Debug */ = {
			isa = XCBuildConfiguration;
			buildSettings = {
				ALWAYS_SEARCH_USER_PATHS = NO;
				CLANG_ANALYZER_NONNULL = YES;
				CLANG_ANALYZER_NUMBER_OBJECT_CONVERSION = YES_AGGRESSIVE;
				CLANG_CXX_LANGUAGE_STANDARD = "gnu++14";
				CLANG_CXX_LIBRARY = "libc++";
				CLANG_ENABLE_MODULES = YES;
				CLANG_ENABLE_OBJC_ARC = YES;
				CLANG_WARN_BLOCK_CAPTURE_AUTORELEASING = YES;
				CLANG_WARN_BOOL_CONVERSION = YES;
				CLANG_WARN_COMMA = YES;
				CLANG_WARN_CONSTANT_CONVERSION = YES;
				CLANG_WARN_DIRECT_OBJC_ISA_USAGE = YES_ERROR;
				CLANG_WARN_DOCUMENTATION_COMMENTS = YES;
				CLANG_WARN_EMPTY_BODY = YES;
				CLANG_WARN_ENUM_CONVERSION = YES;
				CLANG_WARN_INFINITE_RECURSION = YES;
				CLANG_WARN_INT_CONVERSION = YES;
				CLANG_WARN_NON_LITERAL_NULL_CONVERSION = YES;
				CLANG_WARN_OBJC_LITERAL_CONVERSION = YES;
				CLANG_WARN_OBJC_ROOT_CLASS = YES_ERROR;
				CLANG_WARN_RANGE_LOOP_ANALYSIS = YES;
				CLANG_WARN_STRICT_PROTOTYPES = YES;
				CLANG_WARN_SUSPICIOUS_MOVE = YES;
				CLANG_WARN_UNGUARDED_AVAILABILITY = YES_AGGRESSIVE;
				CLANG_WARN_UNREACHABLE_CODE = YES;
				CLANG_WARN__DUPLICATE_METHOD_MATCH = YES;
				CODE_SIGN_IDENTITY = "iPhone Developer";
				COPY_PHASE_STRIP = NO;
				DEBUG_INFORMATION_FORMAT = dwarf;
				ENABLE_STRICT_OBJC_MSGSEND = YES;
				ENABLE_TESTABILITY = YES;
				GCC_C_LANGUAGE_STANDARD = gnu11;
				GCC_DYNAMIC_NO_PIC = NO;
				GCC_NO_COMMON_BLOCKS = YES;
				GCC_OPTIMIZATION_LEVEL = 0;
				GCC_PREPROCESSOR_DEFINITIONS = (
					"DEBUG=1",
					"$(inherited)",
				);
				GCC_WARN_64_TO_32_BIT_CONVERSION = YES;
				GCC_WARN_ABOUT_RETURN_TYPE = YES_ERROR;
				GCC_WARN_UNDECLARED_SELECTOR = YES;
				GCC_WARN_UNINITIALIZED_AUTOS = YES_AGGRESSIVE;
				GCC_WARN_UNUSED_FUNCTION = YES;
				GCC_WARN_UNUSED_VARIABLE = YES;
				IPHONEOS_DEPLOYMENT_TARGET = 11.2;
				MTL_ENABLE_DEBUG_INFO = YES;
				ONLY_ACTIVE_ARCH = YES;
				SDKROOT = iphoneos;
				SWIFT_ACTIVE_COMPILATION_CONDITIONS = DEBUG;
				SWIFT_OPTIMIZATION_LEVEL = "-Onone";
			};
			name = Debug;
		};
		1AB288BE2243CF2E0015804F /* Release */ = {
			isa = XCBuildConfiguration;
			buildSettings = {
				ALWAYS_SEARCH_USER_PATHS = NO;
				CLANG_ANALYZER_NONNULL = YES;
				CLANG_ANALYZER_NUMBER_OBJECT_CONVERSION = YES_AGGRESSIVE;
				CLANG_CXX_LANGUAGE_STANDARD = "gnu++14";
				CLANG_CXX_LIBRARY = "libc++";
				CLANG_ENABLE_MODULES = YES;
				CLANG_ENABLE_OBJC_ARC = YES;
				CLANG_WARN_BLOCK_CAPTURE_AUTORELEASING = YES;
				CLANG_WARN_BOOL_CONVERSION = YES;
				CLANG_WARN_COMMA = YES;
				CLANG_WARN_CONSTANT_CONVERSION = YES;
				CLANG_WARN_DIRECT_OBJC_ISA_USAGE = YES_ERROR;
				CLANG_WARN_DOCUMENTATION_COMMENTS = YES;
				CLANG_WARN_EMPTY_BODY = YES;
				CLANG_WARN_ENUM_CONVERSION = YES;
				CLANG_WARN_INFINITE_RECURSION = YES;
				CLANG_WARN_INT_CONVERSION = YES;
				CLANG_WARN_NON_LITERAL_NULL_CONVERSION = YES;
				CLANG_WARN_OBJC_LITERAL_CONVERSION = YES;
				CLANG_WARN_OBJC_ROOT_CLASS = YES_ERROR;
				CLANG_WARN_RANGE_LOOP_ANALYSIS = YES;
				CLANG_WARN_STRICT_PROTOTYPES = YES;
				CLANG_WARN_SUSPICIOUS_MOVE = YES;
				CLANG_WARN_UNGUARDED_AVAILABILITY = YES_AGGRESSIVE;
				CLANG_WARN_UNREACHABLE_CODE = YES;
				CLANG_WARN__DUPLICATE_METHOD_MATCH = YES;
				CODE_SIGN_IDENTITY = "iPhone Developer";
				COPY_PHASE_STRIP = NO;
				DEBUG_INFORMATION_FORMAT = "dwarf-with-dsym";
				ENABLE_NS_ASSERTIONS = NO;
				ENABLE_STRICT_OBJC_MSGSEND = YES;
				GCC_C_LANGUAGE_STANDARD = gnu11;
				GCC_NO_COMMON_BLOCKS = YES;
				GCC_WARN_64_TO_32_BIT_CONVERSION = YES;
				GCC_WARN_ABOUT_RETURN_TYPE = YES_ERROR;
				GCC_WARN_UNDECLARED_SELECTOR = YES;
				GCC_WARN_UNINITIALIZED_AUTOS = YES_AGGRESSIVE;
				GCC_WARN_UNUSED_FUNCTION = YES;
				GCC_WARN_UNUSED_VARIABLE = YES;
				IPHONEOS_DEPLOYMENT_TARGET = 11.2;
				MTL_ENABLE_DEBUG_INFO = NO;
				SDKROOT = iphoneos;
				SWIFT_OPTIMIZATION_LEVEL = "-Owholemodule";
				VALIDATE_PRODUCT = YES;
			};
			name = Release;
		};
		1AB288C02243CF2E0015804F /* Debug */ = {
			isa = XCBuildConfiguration;
			buildSettings = {
				ASSETCATALOG_COMPILER_APPICON_NAME = AppIcon;
				CODE_SIGN_STYLE = Automatic;
				INFOPLIST_FILE = JoseLuisGarcia190319TVD/Info.plist;
				LD_RUNPATH_SEARCH_PATHS = "$(inherited) @executable_path/Frameworks";
				PRODUCT_BUNDLE_IDENTIFIER = "Jose-Andres.JoseLuisGarcia190319TVD";
				PRODUCT_NAME = "$(TARGET_NAME)";
				SWIFT_VERSION = 4.0;
				TARGETED_DEVICE_FAMILY = "1,2";
			};
			name = Debug;
		};
		1AB288C12243CF2E0015804F /* Release */ = {
			isa = XCBuildConfiguration;
			buildSettings = {
				ASSETCATALOG_COMPILER_APPICON_NAME = AppIcon;
				CODE_SIGN_STYLE = Automatic;
				INFOPLIST_FILE = JoseLuisGarcia190319TVD/Info.plist;
				LD_RUNPATH_SEARCH_PATHS = "$(inherited) @executable_path/Frameworks";
				PRODUCT_BUNDLE_IDENTIFIER = "Jose-Andres.JoseLuisGarcia190319TVD";
				PRODUCT_NAME = "$(TARGET_NAME)";
				SWIFT_VERSION = 4.0;
				TARGETED_DEVICE_FAMILY = "1,2";
			};
			name = Release;
		};
		1AB288C32243CF2E0015804F /* Debug */ = {
			isa = XCBuildConfiguration;
			buildSettings = {
				ALWAYS_EMBED_SWIFT_STANDARD_LIBRARIES = YES;
				BUNDLE_LOADER = "$(TEST_HOST)";
				CODE_SIGN_STYLE = Automatic;
				INFOPLIST_FILE = JoseLuisGarcia190319TVDTests/Info.plist;
				LD_RUNPATH_SEARCH_PATHS = "$(inherited) @executable_path/Frameworks @loader_path/Frameworks";
				PRODUCT_BUNDLE_IDENTIFIER = "Jose-Andres.JoseLuisGarcia190319TVDTests";
				PRODUCT_NAME = "$(TARGET_NAME)";
				SWIFT_VERSION = 4.0;
				TARGETED_DEVICE_FAMILY = "1,2";
				TEST_HOST = "$(BUILT_PRODUCTS_DIR)/JoseLuisGarcia190319TVD.app/JoseLuisGarcia190319TVD";
			};
			name = Debug;
		};
		1AB288C42243CF2E0015804F /* Release */ = {
			isa = XCBuildConfiguration;
			buildSettings = {
				ALWAYS_EMBED_SWIFT_STANDARD_LIBRARIES = YES;
				BUNDLE_LOADER = "$(TEST_HOST)";
				CODE_SIGN_STYLE = Automatic;
				INFOPLIST_FILE = JoseLuisGarcia190319TVDTests/Info.plist;
				LD_RUNPATH_SEARCH_PATHS = "$(inherited) @executable_path/Frameworks @loader_path/Frameworks";
				PRODUCT_BUNDLE_IDENTIFIER = "Jose-Andres.JoseLuisGarcia190319TVDTests";
				PRODUCT_NAME = "$(TARGET_NAME)";
				SWIFT_VERSION = 4.0;
				TARGETED_DEVICE_FAMILY = "1,2";
				TEST_HOST = "$(BUILT_PRODUCTS_DIR)/JoseLuisGarcia190319TVD.app/JoseLuisGarcia190319TVD";
			};
			name = Release;
		};
		1AB288C62243CF2E0015804F /* Debug */ = {
			isa = XCBuildConfiguration;
			buildSettings = {
				ALWAYS_EMBED_SWIFT_STANDARD_LIBRARIES = YES;
				CODE_SIGN_STYLE = Automatic;
				INFOPLIST_FILE = JoseLuisGarcia190319TVDUITests/Info.plist;
				LD_RUNPATH_SEARCH_PATHS = "$(inherited) @executable_path/Frameworks @loader_path/Frameworks";
				PRODUCT_BUNDLE_IDENTIFIER = "Jose-Andres.JoseLuisGarcia190319TVDUITests";
				PRODUCT_NAME = "$(TARGET_NAME)";
				SWIFT_VERSION = 4.0;
				TARGETED_DEVICE_FAMILY = "1,2";
				TEST_TARGET_NAME = JoseLuisGarcia190319TVD;
			};
			name = Debug;
		};
		1AB288C72243CF2E0015804F /* Release */ = {
			isa = XCBuildConfiguration;
			buildSettings = {
				ALWAYS_EMBED_SWIFT_STANDARD_LIBRARIES = YES;
				CODE_SIGN_STYLE = Automatic;
				INFOPLIST_FILE = JoseLuisGarcia190319TVDUITests/Info.plist;
				LD_RUNPATH_SEARCH_PATHS = "$(inherited) @executable_path/Frameworks @loader_path/Frameworks";
				PRODUCT_BUNDLE_IDENTIFIER = "Jose-Andres.JoseLuisGarcia190319TVDUITests";
				PRODUCT_NAME = "$(TARGET_NAME)";
				SWIFT_VERSION = 4.0;
				TARGETED_DEVICE_FAMILY = "1,2";
				TEST_TARGET_NAME = JoseLuisGarcia190319TVD;
			};
			name = Release;
		};
/* End XCBuildConfiguration section */

/* Begin XCConfigurationList section */
		1AB288922243CF2E0015804F /* Build configuration list for PBXProject "JoseLuisGarcia190319TVD" */ = {
			isa = XCConfigurationList;
			buildConfigurations = (
				1AB288BD2243CF2E0015804F /* Debug */,
				1AB288BE2243CF2E0015804F /* Release */,
			);
			defaultConfigurationIsVisible = 0;
			defaultConfigurationName = Release;
		};
		1AB288BF2243CF2E0015804F /* Build configuration list for PBXNativeTarget "JoseLuisGarcia190319TVD" */ = {
			isa = XCConfigurationList;
			buildConfigurations = (
				1AB288C02243CF2E0015804F /* Debug */,
				1AB288C12243CF2E0015804F /* Release */,
			);
			defaultConfigurationIsVisible = 0;
			defaultConfigurationName = Release;
		};
		1AB288C22243CF2E0015804F /* Build configuration list for PBXNativeTarget "JoseLuisGarcia190319TVDTests" */ = {
			isa = XCConfigurationList;
			buildConfigurations = (
				1AB288C32243CF2E0015804F /* Debug */,
				1AB288C42243CF2E0015804F /* Release */,
			);
			defaultConfigurationIsVisible = 0;
			defaultConfigurationName = Release;
		};
		1AB288C52243CF2E0015804F /* Build configuration list for PBXNativeTarget "JoseLuisGarcia190319TVDUITests" */ = {
			isa = XCConfigurationList;
			buildConfigurations = (
				1AB288C62243CF2E0015804F /* Debug */,
				1AB288C72243CF2E0015804F /* Release */,
			);
			defaultConfigurationIsVisible = 0;
			defaultConfigurationName = Release;
		};
/* End XCConfigurationList section */
	};
	rootObject = 1AB2888F2243CF2E0015804F /* Project object */;
}
